
Microsoft Visual Studio Solution File, Format Version 12.00
# Visual Studio 15
VisualStudioVersion = 15.0.27703.2035
MinimumVisualStudioVersion = 10.0.40219.1
Project("{888888A0-9F3D-457C-B088-3A5042F75D52}") = "AppAnalyzer", "AppAnalyzer\AppAnalyzer.pyproj", "{9328F7E3-446F-4017-A268-0B36642454A2}"
EndProject
Global
	GlobalSection(SolutionConfigurationPlatforms) = preSolution
		Debug|Any CPU = Debug|Any CPU
		Release|Any CPU = Release|Any CPU
	EndGlobalSection
	GlobalSection(ProjectConfigurationPlatforms) = postSolution
		{9328F7E3-446F-4017-A268-0B36642454A2}.Debug|Any CPU.ActiveCfg = Debug|Any CPU
		{9328F7E3-446F-4017-A268-0B36642454A2}.Release|Any CPU.ActiveCfg = Release|Any CPU
	EndGlobalSection
	GlobalSection(SolutionProperties) = preSolution
		HideSolutionNode = FALSE
	EndGlobalSection
	GlobalSection(ExtensibilityGlobals) = postSolution
		SolutionGuid = {27275C1B-1EBF-45D6-96D8-716A0E2D1688}
	EndGlobalSection
EndGlobal
